
Microsoft Visual Studio Solution File, Format Version 12.00
# Visual Studio Version 16
VisualStudioVersion = 16.0.31911.196
MinimumVisualStudioVersion = 10.0.40219.1
Project("{2150E333-8FDC-42A3-9474-1A3956D46DE8}") = "Src", "Src", "{8E717E62-A518-48AC-AF0A-C86E1E2754C2}"
EndProject
Project("{2150E333-8FDC-42A3-9474-1A3956D46DE8}") = "Tests", "Tests", "{40DEF294-39DE-44EA-A611-0942D5C5602E}"
EndProject
Project("{2150E333-8FDC-42A3-9474-1A3956D46DE8}") = "Domain", "Domain", "{5F395756-3191-4FC1-862B-C8A025B7EA20}"
EndProject
Project("{2150E333-8FDC-42A3-9474-1A3956D46DE8}") = "Application", "Application", "{613CC846-8E3E-435D-855C-869F9E5E66B0}"
EndProject
Project("{2150E333-8FDC-42A3-9474-1A3956D46DE8}") = "Infrastucture", "Infrastucture", "{73451B41-25E6-4B74-A50A-C0636789F9F0}"
EndProject
Project("{2150E333-8FDC-42A3-9474-1A3956D46DE8}") = "WebUI", "WebUI", "{7756A969-088B-4181-AFC0-682D377C87B6}"
EndProject
Project("{FAE04EC0-301F-11D3-BF4B-00C04F79EFBC}") = "Users.Application", "Users.Application\Users.Application.csproj", "{24533660-DBC1-4A6E-80E8-31580C078DA6}"
EndProject
Project("{FAE04EC0-301F-11D3-BF4B-00C04F79EFBC}") = "Users.Domain", "Users.Domain\Users.Domain.csproj", "{AC02B6FB-7FCF-4746-8E94-F204115F0D3B}"
EndProject
Project("{FAE04EC0-301F-11D3-BF4B-00C04F79EFBC}") = "Users.Persistence", "Users.Persistence\Users.Persistence.csproj", "{665546CE-D5F9-4483-BE08-E9E8155735D3}"
EndProject
Project("{FAE04EC0-301F-11D3-BF4B-00C04F79EFBC}") = "Users.WebApi", "Users.WebApi\Users.WebApi.csproj", "{55A99F94-7D2E-4327-9EBE-11748E2250D3}"
EndProject
Global
	GlobalSection(SolutionConfigurationPlatforms) = preSolution
		Debug|Any CPU = Debug|Any CPU
		Release|Any CPU = Release|Any CPU
	EndGlobalSection
	GlobalSection(ProjectConfigurationPlatforms) = postSolution
		{24533660-DBC1-4A6E-80E8-31580C078DA6}.Debug|Any CPU.ActiveCfg = Debug|Any CPU
		{24533660-DBC1-4A6E-80E8-31580C078DA6}.Debug|Any CPU.Build.0 = Debug|Any CPU
		{24533660-DBC1-4A6E-80E8-31580C078DA6}.Release|Any CPU.ActiveCfg = Release|Any CPU
		{24533660-DBC1-4A6E-80E8-31580C078DA6}.Release|Any CPU.Build.0 = Release|Any CPU
		{AC02B6FB-7FCF-4746-8E94-F204115F0D3B}.Debug|Any CPU.ActiveCfg = Debug|Any CPU
		{AC02B6FB-7FCF-4746-8E94-F204115F0D3B}.Debug|Any CPU.Build.0 = Debug|Any CPU
		{AC02B6FB-7FCF-4746-8E94-F204115F0D3B}.Release|Any CPU.ActiveCfg = Release|Any CPU
		{AC02B6FB-7FCF-4746-8E94-F204115F0D3B}.Release|Any CPU.Build.0 = Release|Any CPU
		{665546CE-D5F9-4483-BE08-E9E8155735D3}.Debug|Any CPU.ActiveCfg = Debug|Any CPU
		{665546CE-D5F9-4483-BE08-E9E8155735D3}.Debug|Any CPU.Build.0 = Debug|Any CPU
		{665546CE-D5F9-4483-BE08-E9E8155735D3}.Release|Any CPU.ActiveCfg = Release|Any CPU
		{665546CE-D5F9-4483-BE08-E9E8155735D3}.Release|Any CPU.Build.0 = Release|Any CPU
		{55A99F94-7D2E-4327-9EBE-11748E2250D3}.Debug|Any CPU.ActiveCfg = Debug|Any CPU
		{55A99F94-7D2E-4327-9EBE-11748E2250D3}.Debug|Any CPU.Build.0 = Debug|Any CPU
		{55A99F94-7D2E-4327-9EBE-11748E2250D3}.Release|Any CPU.ActiveCfg = Release|Any CPU
		{55A99F94-7D2E-4327-9EBE-11748E2250D3}.Release|Any CPU.Build.0 = Release|Any CPU
	EndGlobalSection
	GlobalSection(SolutionProperties) = preSolution
		HideSolutionNode = FALSE
	EndGlobalSection
	GlobalSection(NestedProjects) = preSolution
		{5F395756-3191-4FC1-862B-C8A025B7EA20} = {8E717E62-A518-48AC-AF0A-C86E1E2754C2}
		{613CC846-8E3E-435D-855C-869F9E5E66B0} = {8E717E62-A518-48AC-AF0A-C86E1E2754C2}
		{73451B41-25E6-4B74-A50A-C0636789F9F0} = {8E717E62-A518-48AC-AF0A-C86E1E2754C2}
		{7756A969-088B-4181-AFC0-682D377C87B6} = {8E717E62-A518-48AC-AF0A-C86E1E2754C2}
		{24533660-DBC1-4A6E-80E8-31580C078DA6} = {613CC846-8E3E-435D-855C-869F9E5E66B0}
		{AC02B6FB-7FCF-4746-8E94-F204115F0D3B} = {5F395756-3191-4FC1-862B-C8A025B7EA20}
		{665546CE-D5F9-4483-BE08-E9E8155735D3} = {73451B41-25E6-4B74-A50A-C0636789F9F0}
		{55A99F94-7D2E-4327-9EBE-11748E2250D3} = {7756A969-088B-4181-AFC0-682D377C87B6}
	EndGlobalSection
	GlobalSection(ExtensibilityGlobals) = postSolution
		SolutionGuid = {3B65A8A9-3223-4096-8DA9-04475FC57042}
	EndGlobalSection
EndGlobal
